
Microsoft Visual Studio Solution File, Format Version 12.00
# Visual Studio Version 16
VisualStudioVersion = 16.0.31624.102
MinimumVisualStudioVersion = 10.0.40219.1
Project("{FAE04EC0-301F-11D3-BF4B-00C04F79EFBC}") = "UDPClientBroadcast", "UDPClientBroadcast\UDPClientBroadcast.csproj", "{D374E6C4-7ED0-4D40-AB16-56178B8DE6E1}"
EndProject
Global
	GlobalSection(SolutionConfigurationPlatforms) = preSolution
		Debug|Any CPU = Debug|Any CPU
		Release|Any CPU = Release|Any CPU
	EndGlobalSection
	GlobalSection(ProjectConfigurationPlatforms) = postSolution
		{D374E6C4-7ED0-4D40-AB16-56178B8DE6E1}.Debug|Any CPU.ActiveCfg = Debug|Any CPU
		{D374E6C4-7ED0-4D40-AB16-56178B8DE6E1}.Debug|Any CPU.Build.0 = Debug|Any CPU
		{D374E6C4-7ED0-4D40-AB16-56178B8DE6E1}.Release|Any CPU.ActiveCfg = Release|Any CPU
		{D374E6C4-7ED0-4D40-AB16-56178B8DE6E1}.Release|Any CPU.Build.0 = Release|Any CPU
	EndGlobalSection
	GlobalSection(SolutionProperties) = preSolution
		HideSolutionNode = FALSE
	EndGlobalSection
	GlobalSection(ExtensibilityGlobals) = postSolution
		SolutionGuid = {1226A5AC-211A-4CDD-A9E9-3468D235D80A}
	EndGlobalSection
EndGlobal
